
Microsoft Visual Studio Solution File, Format Version 12.00
# Visual Studio Version 16
VisualStudioVersion = 16.0.33927.289
MinimumVisualStudioVersion = 10.0.40219.1
Project("{FAE04EC0-301F-11D3-BF4B-00C04F79EFBC}") = "Zadanie 2", "Zadanie 2\Zadanie 2.csproj", "{A1DA01A9-276F-4F5F-96CD-519E6364497C}"
EndProject
Global
	GlobalSection(SolutionConfigurationPlatforms) = preSolution
		Debug|Any CPU = Debug|Any CPU
		Release|Any CPU = Release|Any CPU
	EndGlobalSection
	GlobalSection(ProjectConfigurationPlatforms) = postSolution
		{A1DA01A9-276F-4F5F-96CD-519E6364497C}.Debug|Any CPU.ActiveCfg = Debug|Any CPU
		{A1DA01A9-276F-4F5F-96CD-519E6364497C}.Debug|Any CPU.Build.0 = Debug|Any CPU
		{A1DA01A9-276F-4F5F-96CD-519E6364497C}.Release|Any CPU.ActiveCfg = Release|Any CPU
		{A1DA01A9-276F-4F5F-96CD-519E6364497C}.Release|Any CPU.Build.0 = Release|Any CPU
	EndGlobalSection
	GlobalSection(SolutionProperties) = preSolution
		HideSolutionNode = FALSE
	EndGlobalSection
	GlobalSection(ExtensibilityGlobals) = postSolution
		SolutionGuid = {1C72C1F0-8B7E-4537-B7B6-7F5D62843962}
	EndGlobalSection
EndGlobal
